// !$*UTF8*$!
{
	archiveVersion = 1;
	classes = {
	};
	objectVersion = 46;
	objects = {

/* Begin PBXBuildFile section */
		1FDC85E21E33C8D50010D89D /* AppDelegate.swift in Sources */ = {isa = PBXBuildFile; fileRef = 1FDC85E11E33C8D50010D89D /* AppDelegate.swift */; };
		1FDC85E41E33C8D50010D89D /* ViewController.swift in Sources */ = {isa = PBXBuildFile; fileRef = 1FDC85E31E33C8D50010D89D /* ViewController.swift */; };
		1FDC85E71E33C8D50010D89D /* Main.storyboard in Resources */ = {isa = PBXBuildFile; fileRef = 1FDC85E51E33C8D50010D89D /* Main.storyboard */; };
		1FDC85EA1E33C8D50010D89D /* Hello_world.xcdatamodeld in Sources */ = {isa = PBXBuildFile; fileRef = 1FDC85E81E33C8D50010D89D /* Hello_world.xcdatamodeld */; };
		1FDC85EC1E33C8D50010D89D /* Assets.xcassets in Resources */ = {isa = PBXBuildFile; fileRef = 1FDC85EB1E33C8D50010D89D /* Assets.xcassets */; };
		1FDC85EF1E33C8D50010D89D /* LaunchScreen.storyboard in Resources */ = {isa = PBXBuildFile; fileRef = 1FDC85ED1E33C8D50010D89D /* LaunchScreen.storyboard */; };
		1FDC85FA1E33C8D50010D89D /* Hello_worldTests.swift in Sources */ = {isa = PBXBuildFile; fileRef = 1FDC85F91E33C8D50010D89D /* Hello_worldTests.swift */; };
		1FDC86051E33C8D50010D89D /* Hello_worldUITests.swift in Sources */ = {isa = PBXBuildFile; fileRef = 1FDC86041E33C8D50010D89D /* Hello_worldUITests.swift */; };
/* End PBXBuildFile section */

/* Begin PBXContainerItemProxy section */
		1FDC85F61E33C8D50010D89D /* PBXContainerItemProxy */ = {
			isa = PBXContainerItemProxy;
			containerPortal = 1FDC85D61E33C8D40010D89D /* Project object */;
			proxyType = 1;
			remoteGlobalIDString = 1FDC85DD1E33C8D40010D89D;
			remoteInfo = "Hello world";
		};
		1FDC86011E33C8D50010D89D /* PBXContainerItemProxy */ = {
			isa = PBXContainerItemProxy;
			containerPortal = 1FDC85D61E33C8D40010D89D /* Project object */;
			proxyType = 1;
			remoteGlobalIDString = 1FDC85DD1E33C8D40010D89D;
			remoteInfo = "Hello world";
		};
/* End PBXContainerItemProxy section */

/* Begin PBXFileReference section */
		1FDC85DE1E33C8D50010D89D /* Hello world.app */ = {isa = PBXFileReference; explicitFileType = wrapper.application; includeInIndex = 0; path = "Hello world.app"; sourceTree = BUILT_PRODUCTS_DIR; };
		1FDC85E11E33C8D50010D89D /* AppDelegate.swift */ = {isa = PBXFileReference; lastKnownFileType = sourcecode.swift; path = AppDelegate.swift; sourceTree = "<group>"; };
		1FDC85E31E33C8D50010D89D /* ViewController.swift */ = {isa = PBXFileReference; lastKnownFileType = sourcecode.swift; path = ViewController.swift; sourceTree = "<group>"; };
		1FDC85E61E33C8D50010D89D /* Base */ = {isa = PBXFileReference; lastKnownFileType = file.storyboard; name = Base; path = Base.lproj/Main.storyboard; sourceTree = "<group>"; };
		1FDC85E91E33C8D50010D89D /* Hello_world.xcdatamodel */ = {isa = PBXFileReference; lastKnownFileType = wrapper.xcdatamodel; path = Hello_world.xcdatamodel; sourceTree = "<group>"; };
		1FDC85EB1E33C8D50010D89D /* Assets.xcassets */ = {isa = PBXFileReference; lastKnownFileType = folder.assetcatalog; path = Assets.xcassets; sourceTree = "<group>"; };
		1FDC85EE1E33C8D50010D89D /* Base */ = {isa = PBXFileReference; lastKnownFileType = file.storyboard; name = Base; path = Base.lproj/LaunchScreen.storyboard; sourceTree = "<group>"; };
		1FDC85F01E33C8D50010D89D /* Info.plist */ = {isa = PBXFileReference; lastKnownFileType = text.plist.xml; path = Info.plist; sourceTree = "<group>"; };
		1FDC85F51E33C8D50010D89D /* Hello worldTests.xctest */ = {isa = PBXFileReference; explicitFileType = wrapper.cfbundle; includeInIndex = 0; path = "Hello worldTests.xctest"; sourceTree = BUILT_PRODUCTS_DIR; };
		1FDC85F91E33C8D50010D89D /* Hello_worldTests.swift */ = {isa = PBXFileReference; lastKnownFileType = sourcecode.swift; path = Hello_worldTests.swift; sourceTree = "<group>"; };
		1FDC85FB1E33C8D50010D89D /* Info.plist */ = {isa = PBXFileReference; lastKnownFileType = text.plist.xml; path = Info.plist; sourceTree = "<group>"; };
		1FDC86001E33C8D50010D89D /* Hello worldUITests.xctest */ = {isa = PBXFileReference; explicitFileType = wrapper.cfbundle; includeInIndex = 0; path = "Hello worldUITests.xctest"; sourceTree = BUILT_PRODUCTS_DIR; };
		1FDC86041E33C8D50010D89D /* Hello_worldUITests.swift */ = {isa = PBXFileReference; lastKnownFileType = sourcecode.swift; path = Hello_worldUITests.swift; sourceTree = "<group>"; };
		1FDC86061E33C8D50010D89D /* Info.plist */ = {isa = PBXFileReference; lastKnownFileType = text.plist.xml; path = Info.plist; sourceTree = "<group>"; };
/* End PBXFileReference section */

/* Begin PBXFrameworksBuildPhase section */
		1FDC85DB1E33C8D40010D89D /* Frameworks */ = {
			isa = PBXFrameworksBuildPhase;
			buildActionMask = 2147483647;
			files = (
			);
			runOnlyForDeploymentPostprocessing = 0;
		};
		1FDC85F21E33C8D50010D89D /* Frameworks */ = {
			isa = PBXFrameworksBuildPhase;
			buildActionMask = 2147483647;
			files = (
			);
			runOnlyForDeploymentPostprocessing = 0;
		};
		1FDC85FD1E33C8D50010D89D /* Frameworks */ = {
			isa = PBXFrameworksBuildPhase;
			buildActionMask = 2147483647;
			files = (
			);
			runOnlyForDeploymentPostprocessing = 0;
		};
/* End PBXFrameworksBuildPhase section */

/* Begin PBXGroup section */
		1FDC85D51E33C8D40010D89D = {
			isa = PBXGroup;
			children = (
				1FDC85E01E33C8D50010D89D /* Hello world */,
				1FDC85F81E33C8D50010D89D /* Hello worldTests */,
				1FDC86031E33C8D50010D89D /* Hello worldUITests */,
				1FDC85DF1E33C8D50010D89D /* Products */,
			);
			sourceTree = "<group>";
		};
		1FDC85DF1E33C8D50010D89D /* Products */ = {
			isa = PBXGroup;
			children = (
				1FDC85DE1E33C8D50010D89D /* Hello world.app */,
				1FDC85F51E33C8D50010D89D /* Hello worldTests.xctest */,
				1FDC86001E33C8D50010D89D /* Hello worldUITests.xctest */,
			);
			name = Products;
			sourceTree = "<group>";
		};
		1FDC85E01E33C8D50010D89D /* Hello world */ = {
			isa = PBXGroup;
			children = (
				1FDC85E11E33C8D50010D89D /* AppDelegate.swift */,
				1FDC85E31E33C8D50010D89D /* ViewController.swift */,
				1FDC85E51E33C8D50010D89D /* Main.storyboard */,
				1FDC85EB1E33C8D50010D89D /* Assets.xcassets */,
				1FDC85ED1E33C8D50010D89D /* LaunchScreen.storyboard */,
				1FDC85F01E33C8D50010D89D /* Info.plist */,
				1FDC85E81E33C8D50010D89D /* Hello_world.xcdatamodeld */,
			);
			path = "Hello world";
			sourceTree = "<group>";
		};
		1FDC85F81E33C8D50010D89D /* Hello worldTests */ = {
			isa = PBXGroup;
			children = (
				1FDC85F91E33C8D50010D89D /* Hello_worldTests.swift */,
				1FDC85FB1E33C8D50010D89D /* Info.plist */,
			);
			path = "Hello worldTests";
			sourceTree = "<group>";
		};
		1FDC86031E33C8D50010D89D /* Hello worldUITests */ = {
			isa = PBXGroup;
			children = (
				1FDC86041E33C8D50010D89D /* Hello_worldUITests.swift */,
				1FDC86061E33C8D50010D89D /* Info.plist */,
			);
			path = "Hello worldUITests";
			sourceTree = "<group>";
		};
/* End PBXGroup section */

/* Begin PBXNativeTarget section */
		1FDC85DD1E33C8D40010D89D /* Hello world */ = {
			isa = PBXNativeTarget;
			buildConfigurationList = 1FDC86091E33C8D50010D89D /* Build configuration list for PBXNativeTarget "Hello world" */;
			buildPhases = (
				1FDC85DA1E33C8D40010D89D /* Sources */,
				1FDC85DB1E33C8D40010D89D /* Frameworks */,
				1FDC85DC1E33C8D40010D89D /* Resources */,
			);
			buildRules = (
			);
			dependencies = (
			);
			name = "Hello world";
			productName = "Hello world";
			productReference = 1FDC85DE1E33C8D50010D89D /* Hello world.app */;
			productType = "com.apple.product-type.application";
		};
		1FDC85F41E33C8D50010D89D /* Hello worldTests */ = {
			isa = PBXNativeTarget;
			buildConfigurationList = 1FDC860C1E33C8D50010D89D /* Build configuration list for PBXNativeTarget "Hello worldTests" */;
			buildPhases = (
				1FDC85F11E33C8D50010D89D /* Sources */,
				1FDC85F21E33C8D50010D89D /* Frameworks */,
				1FDC85F31E33C8D50010D89D /* Resources */,
			);
			buildRules = (
			);
			dependencies = (
				1FDC85F71E33C8D50010D89D /* PBXTargetDependency */,
			);
			name = "Hello worldTests";
			productName = "Hello worldTests";
			productReference = 1FDC85F51E33C8D50010D89D /* Hello worldTests.xctest */;
			productType = "com.apple.product-type.bundle.unit-test";
		};
		1FDC85FF1E33C8D50010D89D /* Hello worldUITests */ = {
			isa = PBXNativeTarget;
			buildConfigurationList = 1FDC860F1E33C8D50010D89D /* Build configuration list for PBXNativeTarget "Hello worldUITests" */;
			buildPhases = (
				1FDC85FC1E33C8D50010D89D /* Sources */,
				1FDC85FD1E33C8D50010D89D /* Frameworks */,
				1FDC85FE1E33C8D50010D89D /* Resources */,
			);
			buildRules = (
			);
			dependencies = (
				1FDC86021E33C8D50010D89D /* PBXTargetDependency */,
			);
			name = "Hello worldUITests";
			productName = "Hello worldUITests";
			productReference = 1FDC86001E33C8D50010D89D /* Hello worldUITests.xctest */;
			productType = "com.apple.product-type.bundle.ui-testing";
		};
/* End PBXNativeTarget section */

/* Begin PBXProject section */
		1FDC85D61E33C8D40010D89D /* Project object */ = {
			isa = PBXProject;
			attributes = {
				LastSwiftUpdateCheck = 0820;
				LastUpgradeCheck = 0820;
				ORGANIZATIONNAME = Country.Girls;
				TargetAttributes = {
					1FDC85DD1E33C8D40010D89D = {
						CreatedOnToolsVersion = 8.2.1;
						ProvisioningStyle = Automatic;
					};
					1FDC85F41E33C8D50010D89D = {
						CreatedOnToolsVersion = 8.2.1;
						ProvisioningStyle = Automatic;
						TestTargetID = 1FDC85DD1E33C8D40010D89D;
					};
					1FDC85FF1E33C8D50010D89D = {
						CreatedOnToolsVersion = 8.2.1;
						ProvisioningStyle = Automatic;
						TestTargetID = 1FDC85DD1E33C8D40010D89D;
					};
				};
			};
			buildConfigurationList = 1FDC85D91E33C8D40010D89D /* Build configuration list for PBXProject "Hello world" */;
			compatibilityVersion = "Xcode 3.2";
			developmentRegion = English;
			hasScannedForEncodings = 0;
			knownRegions = (
				en,
				Base,
			);
			mainGroup = 1FDC85D51E33C8D40010D89D;
			productRefGroup = 1FDC85DF1E33C8D50010D89D /* Products */;
			projectDirPath = "";
			projectRoot = "";
			targets = (
				1FDC85DD1E33C8D40010D89D /* Hello world */,
				1FDC85F41E33C8D50010D89D /* Hello worldTests */,
				1FDC85FF1E33C8D50010D89D /* Hello worldUITests */,
			);
		};
/* End PBXProject section */

/* Begin PBXResourcesBuildPhase section */
		1FDC85DC1E33C8D40010D89D /* Resources */ = {
			isa = PBXResourcesBuildPhase;
			buildActionMask = 2147483647;
			files = (
				1FDC85EF1E33C8D50010D89D /* LaunchScreen.storyboard in Resources */,
				1FDC85EC1E33C8D50010D89D /* Assets.xcassets in Resources */,
				1FDC85E71E33C8D50010D89D /* Main.storyboard in Resources */,
			);
			runOnlyForDeploymentPostprocessing = 0;
		};
		1FDC85F31E33C8D50010D89D /* Resources */ = {
			isa = PBXResourcesBuildPhase;
			buildActionMask = 2147483647;
			files = (
			);
			runOnlyForDeploymentPostprocessing = 0;
		};
		1FDC85FE1E33C8D50010D89D /* Resources */ = {
			isa = PBXResourcesBuildPhase;
			buildActionMask = 2147483647;
			files = (
			);
			runOnlyForDeploymentPostprocessing = 0;
		};
/* End PBXResourcesBuildPhase section */

/* Begin PBXSourcesBuildPhase section */
		1FDC85DA1E33C8D40010D89D /* Sources */ = {
			isa = PBXSourcesBuildPhase;
			buildActionMask = 2147483647;
			files = (
				1FDC85EA1E33C8D50010D89D /* Hello_world.xcdatamodeld in Sources */,
				1FDC85E41E33C8D50010D89D /* ViewController.swift in Sources */,
				1FDC85E21E33C8D50010D89D /* AppDelegate.swift in Sources */,
			);
			runOnlyForDeploymentPostprocessing = 0;
		};
		1FDC85F11E33C8D50010D89D /* Sources */ = {
			isa = PBXSourcesBuildPhase;
			buildActionMask = 2147483647;
			files = (
				1FDC85FA1E33C8D50010D89D /* Hello_worldTests.swift in Sources */,
			);
			runOnlyForDeploymentPostprocessing = 0;
		};
		1FDC85FC1E33C8D50010D89D /* Sources */ = {
			isa = PBXSourcesBuildPhase;
			buildActionMask = 2147483647;
			files = (
				1FDC86051E33C8D50010D89D /* Hello_worldUITests.swift in Sources */,
			);
			runOnlyForDeploymentPostprocessing = 0;
		};
/* End PBXSourcesBuildPhase section */

/* Begin PBXTargetDependency section */
		1FDC85F71E33C8D50010D89D /* PBXTargetDependency */ = {
			isa = PBXTargetDependency;
			target = 1FDC85DD1E33C8D40010D89D /* Hello world */;
			targetProxy = 1FDC85F61E33C8D50010D89D /* PBXContainerItemProxy */;
		};
		1FDC86021E33C8D50010D89D /* PBXTargetDependency */ = {
			isa = PBXTargetDependency;
			target = 1FDC85DD1E33C8D40010D89D /* Hello world */;
			targetProxy = 1FDC86011E33C8D50010D89D /* PBXContainerItemProxy */;
		};
/* End PBXTargetDependency section */

/* Begin PBXVariantGroup section */
		1FDC85E51E33C8D50010D89D /* Main.storyboard */ = {
			isa = PBXVariantGroup;
			children = (
				1FDC85E61E33C8D50010D89D /* Base */,
			);
			name = Main.storyboard;
			sourceTree = "<group>";
		};
		1FDC85ED1E33C8D50010D89D /* LaunchScreen.storyboard */ = {
			isa = PBXVariantGroup;
			children = (
				1FDC85EE1E33C8D50010D89D /* Base */,
			);
			name = LaunchScreen.storyboard;
			sourceTree = "<group>";
		};
/* End PBXVariantGroup section */

/* Begin XCBuildConfiguration section */
		1FDC86071E33C8D50010D89D /* Debug */ = {
			isa = XCBuildConfiguration;
			buildSettings = {
				ALWAYS_SEARCH_USER_PATHS = NO;
				CLANG_ANALYZER_NONNULL = YES;
				CLANG_CXX_LANGUAGE_STANDARD = "gnu++0x";
				CLANG_CXX_LIBRARY = "libc++";
				CLANG_ENABLE_MODULES = YES;
				CLANG_ENABLE_OBJC_ARC = YES;
				CLANG_WARN_BOOL_CONVERSION = YES;
				CLANG_WARN_CONSTANT_CONVERSION = YES;
				CLANG_WARN_DIRECT_OBJC_ISA_USAGE = YES_ERROR;
				CLANG_WARN_DOCUMENTATION_COMMENTS = YES;
				CLANG_WARN_EMPTY_BODY = YES;
				CLANG_WARN_ENUM_CONVERSION = YES;
				CLANG_WARN_INFINITE_RECURSION = YES;
				CLANG_WARN_INT_CONVERSION = YES;
				CLANG_WARN_OBJC_ROOT_CLASS = YES_ERROR;
				CLANG_WARN_SUSPICIOUS_MOVE = YES;
				CLANG_WARN_UNREACHABLE_CODE = YES;
				CLANG_WARN__DUPLICATE_METHOD_MATCH = YES;
				"CODE_SIGN_IDENTITY[sdk=iphoneos*]" = "iPhone Developer";
				COPY_PHASE_STRIP = NO;
				DEBUG_INFORMATION_FORMAT = dwarf;
				ENABLE_STRICT_OBJC_MSGSEND = YES;
				ENABLE_TESTABILITY = YES;
				GCC_C_LANGUAGE_STANDARD = gnu99;
				GCC_DYNAMIC_NO_PIC = NO;
				GCC_NO_COMMON_BLOCKS = YES;
				GCC_OPTIMIZATION_LEVEL = 0;
				GCC_PREPROCESSOR_DEFINITIONS = (
					"DEBUG=1",
					"$(inherited)",
				);
				GCC_WARN_64_TO_32_BIT_CONVERSION = YES;
				GCC_WARN_ABOUT_RETURN_TYPE = YES_ERROR;
				GCC_WARN_UNDECLARED_SELECTOR = YES;
				GCC_WARN_UNINITIALIZED_AUTOS = YES_AGGRESSIVE;
				GCC_WARN_UNUSED_FUNCTION = YES;
				GCC_WARN_UNUSED_VARIABLE = YES;
				IPHONEOS_DEPLOYMENT_TARGET = 10.2;
				MTL_ENABLE_DEBUG_INFO = YES;
				ONLY_ACTIVE_ARCH = YES;
				SDKROOT = iphoneos;
				SWIFT_ACTIVE_COMPILATION_CONDITIONS = DEBUG;
				SWIFT_OPTIMIZATION_LEVEL = "-Onone";
				TARGETED_DEVICE_FAMILY = "1,2";
			};
			name = Debug;
		};
		1FDC86081E33C8D50010D89D /* Release */ = {
			isa = XCBuildConfiguration;
			buildSettings = {
				ALWAYS_SEARCH_USER_PATHS = NO;
				CLANG_ANALYZER_NONNULL = YES;
				CLANG_CXX_LANGUAGE_STANDARD = "gnu++0x";
				CLANG_CXX_LIBRARY = "libc++";
				CLANG_ENABLE_MODULES = YES;
				CLANG_ENABLE_OBJC_ARC = YES;
				CLANG_WARN_BOOL_CONVERSION = YES;
				CLANG_WARN_CONSTANT_CONVERSION = YES;
				CLANG_WARN_DIRECT_OBJC_ISA_USAGE = YES_ERROR;
				CLANG_WARN_DOCUMENTATION_COMMENTS = YES;
				CLANG_WARN_EMPTY_BODY = YES;
				CLANG_WARN_ENUM_CONVERSION = YES;
				CLANG_WARN_INFINITE_RECURSION = YES;
				CLANG_WARN_INT_CONVERSION = YES;
				CLANG_WARN_OBJC_ROOT_CLASS = YES_ERROR;
				CLANG_WARN_SUSPICIOUS_MOVE = YES;
				CLANG_WARN_UNREACHABLE_CODE = YES;
				CLANG_WARN__DUPLICATE_METHOD_MATCH = YES;
				"CODE_SIGN_IDENTITY[sdk=iphoneos*]" = "iPhone Developer";
				COPY_PHASE_STRIP = NO;
				DEBUG_INFORMATION_FORMAT = "dwarf-with-dsym";
				ENABLE_NS_ASSERTIONS = NO;
				ENABLE_STRICT_OBJC_MSGSEND = YES;
				GCC_C_LANGUAGE_STANDARD = gnu99;
				GCC_NO_COMMON_BLOCKS = YES;
				GCC_WARN_64_TO_32_BIT_CONVERSION = YES;
				GCC_WARN_ABOUT_RETURN_TYPE = YES_ERROR;
				GCC_WARN_UNDECLARED_SELECTOR = YES;
				GCC_WARN_UNINITIALIZED_AUTOS = YES_AGGRESSIVE;
				GCC_WARN_UNUSED_FUNCTION = YES;
				GCC_WARN_UNUSED_VARIABLE = YES;
				IPHONEOS_DEPLOYMENT_TARGET = 10.2;
				MTL_ENABLE_DEBUG_INFO = NO;
				SDKROOT = iphoneos;
				SWIFT_OPTIMIZATION_LEVEL = "-Owholemodule";
				TARGETED_DEVICE_FAMILY = "1,2";
				VALIDATE_PRODUCT = YES;
			};
			name = Release;
		};
		1FDC860A1E33C8D50010D89D /* Debug */ = {
			isa = XCBuildConfiguration;
			buildSettings = {
				ASSETCATALOG_COMPILER_APPICON_NAME = AppIcon;
				INFOPLIST_FILE = "Hello world/Info.plist";
				LD_RUNPATH_SEARCH_PATHS = "$(inherited) @executable_path/Frameworks";
				PRODUCT_BUNDLE_IDENTIFIER = "Countrygirls.Hello-world";
				PRODUCT_NAME = "$(TARGET_NAME)";
				SWIFT_VERSION = 3.0;
			};
			name = Debug;
		};
		1FDC860B1E33C8D50010D89D /* Release */ = {
			isa = XCBuildConfiguration;
			buildSettings = {
				ASSETCATALOG_COMPILER_APPICON_NAME = AppIcon;
				INFOPLIST_FILE = "Hello world/Info.plist";
				LD_RUNPATH_SEARCH_PATHS = "$(inherited) @executable_path/Frameworks";
				PRODUCT_BUNDLE_IDENTIFIER = "Countrygirls.Hello-world";
				PRODUCT_NAME = "$(TARGET_NAME)";
				SWIFT_VERSION = 3.0;
			};
			name = Release;
		};
		1FDC860D1E33C8D50010D89D /* Debug */ = {
			isa = XCBuildConfiguration;
			buildSettings = {
				ALWAYS_EMBED_SWIFT_STANDARD_LIBRARIES = YES;
				BUNDLE_LOADER = "$(TEST_HOST)";
				INFOPLIST_FILE = "Hello worldTests/Info.plist";
				LD_RUNPATH_SEARCH_PATHS = "$(inherited) @executable_path/Frameworks @loader_path/Frameworks";
				PRODUCT_BUNDLE_IDENTIFIER = "Countrygirls.Hello-worldTests";
				PRODUCT_NAME = "$(TARGET_NAME)";
				SWIFT_VERSION = 3.0;
				TEST_HOST = "$(BUILT_PRODUCTS_DIR)/Hello world.app/Hello world";
			};
			name = Debug;
		};
		1FDC860E1E33C8D50010D89D /* Release */ = {
			isa = XCBuildConfiguration;
			buildSettings = {
				ALWAYS_EMBED_SWIFT_STANDARD_LIBRARIES = YES;
				BUNDLE_LOADER = "$(TEST_HOST)";
				INFOPLIST_FILE = "Hello worldTests/Info.plist";
				LD_RUNPATH_SEARCH_PATHS = "$(inherited) @executable_path/Frameworks @loader_path/Frameworks";
				PRODUCT_BUNDLE_IDENTIFIER = "Countrygirls.Hello-worldTests";
				PRODUCT_NAME = "$(TARGET_NAME)";
				SWIFT_VERSION = 3.0;
				TEST_HOST = "$(BUILT_PRODUCTS_DIR)/Hello world.app/Hello world";
			};
			name = Release;
		};
		1FDC86101E33C8D50010D89D /* Debug */ = {
			isa = XCBuildConfiguration;
			buildSettings = {
				ALWAYS_EMBED_SWIFT_STANDARD_LIBRARIES = YES;
				INFOPLIST_FILE = "Hello worldUITests/Info.plist";
				LD_RUNPATH_SEARCH_PATHS = "$(inherited) @executable_path/Frameworks @loader_path/Frameworks";
				PRODUCT_BUNDLE_IDENTIFIER = "Countrygirls.Hello-worldUITests";
				PRODUCT_NAME = "$(TARGET_NAME)";
				SWIFT_VERSION = 3.0;
				TEST_TARGET_NAME = "Hello world";
			};
			name = Debug;
		};
		1FDC86111E33C8D50010D89D /* Release */ = {
			isa = XCBuildConfiguration;
			buildSettings = {
				ALWAYS_EMBED_SWIFT_STANDARD_LIBRARIES = YES;
				INFOPLIST_FILE = "Hello worldUITests/Info.plist";
				LD_RUNPATH_SEARCH_PATHS = "$(inherited) @executable_path/Frameworks @loader_path/Frameworks";
				PRODUCT_BUNDLE_IDENTIFIER = "Countrygirls.Hello-worldUITests";
				PRODUCT_NAME = "$(TARGET_NAME)";
				SWIFT_VERSION = 3.0;
				TEST_TARGET_NAME = "Hello world";
			};
			name = Release;
		};
/* End XCBuildConfiguration section */

/* Begin XCConfigurationList section */
		1FDC85D91E33C8D40010D89D /* Build configuration list for PBXProject "Hello world" */ = {
			isa = XCConfigurationList;
			buildConfigurations = (
				1FDC86071E33C8D50010D89D /* Debug */,
				1FDC86081E33C8D50010D89D /* Release */,
			);
			defaultConfigurationIsVisible = 0;
			defaultConfigurationName = Release;
		};
		1FDC86091E33C8D50010D89D /* Build configuration list for PBXNativeTarget "Hello world" */ = {
			isa = XCConfigurationList;
			buildConfigurations = (
				1FDC860A1E33C8D50010D89D /* Debug */,
				1FDC860B1E33C8D50010D89D /* Release */,
			);
			defaultConfigurationIsVisible = 0;
		};
		1FDC860C1E33C8D50010D89D /* Build configuration list for PBXNativeTarget "Hello worldTests" */ = {
			isa = XCConfigurationList;
			buildConfigurations = (
				1FDC860D1E33C8D50010D89D /* Debug */,
				1FDC860E1E33C8D50010D89D /* Release */,
			);
			defaultConfigurationIsVisible = 0;
		};
		1FDC860F1E33C8D50010D89D /* Build configuration list for PBXNativeTarget "Hello worldUITests" */ = {
			isa = XCConfigurationList;
			buildConfigurations = (
				1FDC86101E33C8D50010D89D /* Debug */,
				1FDC86111E33C8D50010D89D /* Release */,
			);
			defaultConfigurationIsVisible = 0;
		};
/* End XCConfigurationList section */

/* Begin XCVersionGroup section */
		1FDC85E81E33C8D50010D89D /* Hello_world.xcdatamodeld */ = {
			isa = XCVersionGroup;
			children = (
				1FDC85E91E33C8D50010D89D /* Hello_world.xcdatamodel */,
			);
			currentVersion = 1FDC85E91E33C8D50010D89D /* Hello_world.xcdatamodel */;
			path = Hello_world.xcdatamodeld;
			sourceTree = "<group>";
			versionGroupType = wrapper.xcdatamodel;
		};
/* End XCVersionGroup section */
	};
	rootObject = 1FDC85D61E33C8D40010D89D /* Project object */;
}
